// !$*UTF8*$!
{
	archiveVersion = 1;
	classes = {
	};
	objectVersion = 52;
	objects = {

/* Begin PBXBuildFile section */
		81195517283984E30062FE25 /* Configuration.Debug.xcconfig in Resources */ = {isa = PBXBuildFile; fileRef = 81195516283984E30062FE25 /* Configuration.Debug.xcconfig */; };
		81195519283984F60062FE25 /* Configuration.Release.xcconfig in Resources */ = {isa = PBXBuildFile; fileRef = 81195518283984F60062FE25 /* Configuration.Release.xcconfig */; };
		8119551B283985170062FE25 /* ConfigurationCollection.swift in Sources */ = {isa = PBXBuildFile; fileRef = 8119551A283985170062FE25 /* ConfigurationCollection.swift */; };
		811955202839859C0062FE25 /* Configuration.swift in Sources */ = {isa = PBXBuildFile; fileRef = 8119551F2839859C0062FE25 /* Configuration.swift */; };
		811955242839891D0062FE25 /* Cuckoo in Frameworks */ = {isa = PBXBuildFile; productRef = 811955232839891D0062FE25 /* Cuckoo */; };
		81195527283989F00062FE25 /* GeneratedMocks.swift in Sources */ = {isa = PBXBuildFile; fileRef = 81195526283989F00062FE25 /* GeneratedMocks.swift */; };
		8119552928398A160062FE25 /* ConfigurationTests.swift in Sources */ = {isa = PBXBuildFile; fileRef = 8119552828398A160062FE25 /* ConfigurationTests.swift */; };
		8119552B283991560062FE25 /* RestClientable.swift in Sources */ = {isa = PBXBuildFile; fileRef = 8119552A283991560062FE25 /* RestClientable.swift */; };
		8119552E283991A40062FE25 /* HTTPStatusCodes in Frameworks */ = {isa = PBXBuildFile; productRef = 8119552D283991A40062FE25 /* HTTPStatusCodes */; };
		81195532283991FE0062FE25 /* ApiServiceError.swift in Sources */ = {isa = PBXBuildFile; fileRef = 81195531283991FE0062FE25 /* ApiServiceError.swift */; };
		81195534283992550062FE25 /* RestClient.swift in Sources */ = {isa = PBXBuildFile; fileRef = 81195533283992550062FE25 /* RestClient.swift */; };
		81195537283992920062FE25 /* Alamofire in Frameworks */ = {isa = PBXBuildFile; productRef = 81195536283992920062FE25 /* Alamofire */; };
		8119553A2839994C0062FE25 /* BaseApiService.swift in Sources */ = {isa = PBXBuildFile; fileRef = 811955392839994C0062FE25 /* BaseApiService.swift */; };
		8119553C283999860062FE25 /* TransactionsService.swift in Sources */ = {isa = PBXBuildFile; fileRef = 8119553B283999860062FE25 /* TransactionsService.swift */; };
		8119553F283999B20062FE25 /* TransactionsServiceable.swift in Sources */ = {isa = PBXBuildFile; fileRef = 8119553E283999B20062FE25 /* TransactionsServiceable.swift */; };
		81195542283999DD0062FE25 /* Transaction.swift in Sources */ = {isa = PBXBuildFile; fileRef = 81195541283999DD0062FE25 /* Transaction.swift */; };
		8119554528399AED0062FE25 /* TransactionsServiceTests.swift in Sources */ = {isa = PBXBuildFile; fileRef = 8119554428399AED0062FE25 /* TransactionsServiceTests.swift */; };
		811955482839AC8F0062FE25 /* RxCocoa in Frameworks */ = {isa = PBXBuildFile; productRef = 811955472839AC8F0062FE25 /* RxCocoa */; };
		8119554A2839AC8F0062FE25 /* RxSwift in Frameworks */ = {isa = PBXBuildFile; productRef = 811955492839AC8F0062FE25 /* RxSwift */; };
		8119554D2839ACB70062FE25 /* TransactionsListViewModel.swift in Sources */ = {isa = PBXBuildFile; fileRef = 8119554C2839ACB70062FE25 /* TransactionsListViewModel.swift */; };
		8119554F2839ACD00062FE25 /* TransactionsListCellViewModel.swift in Sources */ = {isa = PBXBuildFile; fileRef = 8119554E2839ACD00062FE25 /* TransactionsListCellViewModel.swift */; };
		811955522839AF610062FE25 /* Date+Format.swift in Sources */ = {isa = PBXBuildFile; fileRef = 811955512839AF610062FE25 /* Date+Format.swift */; };
		811955552839B1CF0062FE25 /* TransactionsListTableViewCell.swift in Sources */ = {isa = PBXBuildFile; fileRef = 811955542839B1CF0062FE25 /* TransactionsListTableViewCell.swift */; };
		811955572839B8E50062FE25 /* TransactionDetailsViewController.swift in Sources */ = {isa = PBXBuildFile; fileRef = 811955562839B8E50062FE25 /* TransactionDetailsViewController.swift */; };
		8119555A2839BB310062FE25 /* SwinjectStoryboard in Frameworks */ = {isa = PBXBuildFile; productRef = 811955592839BB310062FE25 /* SwinjectStoryboard */; };
		8119555D2839BB8B0062FE25 /* IocContainerable.swift in Sources */ = {isa = PBXBuildFile; fileRef = 8119555C2839BB8B0062FE25 /* IocContainerable.swift */; };
		8119555F2839BBBF0062FE25 /* IocContainer.swift in Sources */ = {isa = PBXBuildFile; fileRef = 8119555E2839BBBF0062FE25 /* IocContainer.swift */; };
		811955612839BBE30062FE25 /* IocConfiguration.swift in Sources */ = {isa = PBXBuildFile; fileRef = 811955602839BBE30062FE25 /* IocConfiguration.swift */; };
		DCF7BB0426B23DFF00AE0E0E /* AppDelegate.swift in Sources */ = {isa = PBXBuildFile; fileRef = DCF7BB0326B23DFF00AE0E0E /* AppDelegate.swift */; };
		DCF7BB0626B23DFF00AE0E0E /* SceneDelegate.swift in Sources */ = {isa = PBXBuildFile; fileRef = DCF7BB0526B23DFF00AE0E0E /* SceneDelegate.swift */; };
		DCF7BB0826B23DFF00AE0E0E /* TransactionsListViewController.swift in Sources */ = {isa = PBXBuildFile; fileRef = DCF7BB0726B23DFF00AE0E0E /* TransactionsListViewController.swift */; };
		DCF7BB0B26B23DFF00AE0E0E /* Transactions.storyboard in Resources */ = {isa = PBXBuildFile; fileRef = DCF7BB0926B23DFF00AE0E0E /* Transactions.storyboard */; };
		DCF7BB0D26B23E0200AE0E0E /* Assets.xcassets in Resources */ = {isa = PBXBuildFile; fileRef = DCF7BB0C26B23E0200AE0E0E /* Assets.xcassets */; };
		DCF7BB1026B23E0200AE0E0E /* LaunchScreen.storyboard in Resources */ = {isa = PBXBuildFile; fileRef = DCF7BB0E26B23E0200AE0E0E /* LaunchScreen.storyboard */; };
		DCF7BB1B26B23E0200AE0E0E /* ASBInterviewExerciseTests.swift in Sources */ = {isa = PBXBuildFile; fileRef = DCF7BB1A26B23E0200AE0E0E /* ASBInterviewExerciseTests.swift */; };
		DCF7BB2626B23E0200AE0E0E /* ASBInterviewExerciseUITests.swift in Sources */ = {isa = PBXBuildFile; fileRef = DCF7BB2526B23E0200AE0E0E /* ASBInterviewExerciseUITests.swift */; };
		DCF7BB3526B23E3600AE0E0E /* Swinject in Frameworks */ = {isa = PBXBuildFile; productRef = DCF7BB3426B23E3600AE0E0E /* Swinject */; };
/* End PBXBuildFile section */

/* Begin PBXContainerItemProxy section */
		DCF7BB1726B23E0200AE0E0E /* PBXContainerItemProxy */ = {
			isa = PBXContainerItemProxy;
			containerPortal = DCF7BAF826B23DFE00AE0E0E /* Project object */;
			proxyType = 1;
			remoteGlobalIDString = DCF7BAFF26B23DFE00AE0E0E;
			remoteInfo = ASBInterviewExercise;
		};
		DCF7BB2226B23E0200AE0E0E /* PBXContainerItemProxy */ = {
			isa = PBXContainerItemProxy;
			containerPortal = DCF7BAF826B23DFE00AE0E0E /* Project object */;
			proxyType = 1;
			remoteGlobalIDString = DCF7BAFF26B23DFE00AE0E0E;
			remoteInfo = ASBInterviewExercise;
		};
/* End PBXContainerItemProxy section */

/* Begin PBXFileReference section */
		81195516283984E30062FE25 /* Configuration.Debug.xcconfig */ = {isa = PBXFileReference; lastKnownFileType = text.xcconfig; path = Configuration.Debug.xcconfig; sourceTree = "<group>"; };
		81195518283984F60062FE25 /* Configuration.Release.xcconfig */ = {isa = PBXFileReference; lastKnownFileType = text.xcconfig; path = Configuration.Release.xcconfig; sourceTree = "<group>"; };
		8119551A283985170062FE25 /* ConfigurationCollection.swift */ = {isa = PBXFileReference; lastKnownFileType = sourcecode.swift; path = ConfigurationCollection.swift; sourceTree = "<group>"; };
		8119551F2839859C0062FE25 /* Configuration.swift */ = {isa = PBXFileReference; lastKnownFileType = sourcecode.swift; path = Configuration.swift; sourceTree = "<group>"; };
		81195526283989F00062FE25 /* GeneratedMocks.swift */ = {isa = PBXFileReference; fileEncoding = 4; lastKnownFileType = sourcecode.swift; path = GeneratedMocks.swift; sourceTree = "<group>"; };
		8119552828398A160062FE25 /* ConfigurationTests.swift */ = {isa = PBXFileReference; lastKnownFileType = sourcecode.swift; path = ConfigurationTests.swift; sourceTree = "<group>"; };
		8119552A283991560062FE25 /* RestClientable.swift */ = {isa = PBXFileReference; lastKnownFileType = sourcecode.swift; path = RestClientable.swift; sourceTree = "<group>"; };
		81195531283991FE0062FE25 /* ApiServiceError.swift */ = {isa = PBXFileReference; lastKnownFileType = sourcecode.swift; path = ApiServiceError.swift; sourceTree = "<group>"; };
		81195533283992550062FE25 /* RestClient.swift */ = {isa = PBXFileReference; lastKnownFileType = sourcecode.swift; path = RestClient.swift; sourceTree = "<group>"; };
		811955392839994C0062FE25 /* BaseApiService.swift */ = {isa = PBXFileReference; lastKnownFileType = sourcecode.swift; path = BaseApiService.swift; sourceTree = "<group>"; };
		8119553B283999860062FE25 /* TransactionsService.swift */ = {isa = PBXFileReference; lastKnownFileType = sourcecode.swift; path = TransactionsService.swift; sourceTree = "<group>"; };
		8119553E283999B20062FE25 /* TransactionsServiceable.swift */ = {isa = PBXFileReference; lastKnownFileType = sourcecode.swift; path = TransactionsServiceable.swift; sourceTree = "<group>"; };
		81195541283999DD0062FE25 /* Transaction.swift */ = {isa = PBXFileReference; lastKnownFileType = sourcecode.swift; path = Transaction.swift; sourceTree = "<group>"; };
		8119554428399AED0062FE25 /* TransactionsServiceTests.swift */ = {isa = PBXFileReference; lastKnownFileType = sourcecode.swift; path = TransactionsServiceTests.swift; sourceTree = "<group>"; };
		8119554C2839ACB70062FE25 /* TransactionsListViewModel.swift */ = {isa = PBXFileReference; lastKnownFileType = sourcecode.swift; path = TransactionsListViewModel.swift; sourceTree = "<group>"; };
		8119554E2839ACD00062FE25 /* TransactionsListCellViewModel.swift */ = {isa = PBXFileReference; lastKnownFileType = sourcecode.swift; path = TransactionsListCellViewModel.swift; sourceTree = "<group>"; };
		811955512839AF610062FE25 /* Date+Format.swift */ = {isa = PBXFileReference; lastKnownFileType = sourcecode.swift; path = "Date+Format.swift"; sourceTree = "<group>"; };
		811955542839B1CF0062FE25 /* TransactionsListTableViewCell.swift */ = {isa = PBXFileReference; lastKnownFileType = sourcecode.swift; path = TransactionsListTableViewCell.swift; sourceTree = "<group>"; };
		811955562839B8E50062FE25 /* TransactionDetailsViewController.swift */ = {isa = PBXFileReference; lastKnownFileType = sourcecode.swift; path = TransactionDetailsViewController.swift; sourceTree = "<group>"; };
		8119555C2839BB8B0062FE25 /* IocContainerable.swift */ = {isa = PBXFileReference; lastKnownFileType = sourcecode.swift; path = IocContainerable.swift; sourceTree = "<group>"; };
		8119555E2839BBBF0062FE25 /* IocContainer.swift */ = {isa = PBXFileReference; lastKnownFileType = sourcecode.swift; path = IocContainer.swift; sourceTree = "<group>"; };
		811955602839BBE30062FE25 /* IocConfiguration.swift */ = {isa = PBXFileReference; lastKnownFileType = sourcecode.swift; path = IocConfiguration.swift; sourceTree = "<group>"; };
		DCF7BB0026B23DFE00AE0E0E /* ASBInterviewExercise.app */ = {isa = PBXFileReference; explicitFileType = wrapper.application; includeInIndex = 0; path = ASBInterviewExercise.app; sourceTree = BUILT_PRODUCTS_DIR; };
		DCF7BB0326B23DFF00AE0E0E /* AppDelegate.swift */ = {isa = PBXFileReference; lastKnownFileType = sourcecode.swift; path = AppDelegate.swift; sourceTree = "<group>"; };
		DCF7BB0526B23DFF00AE0E0E /* SceneDelegate.swift */ = {isa = PBXFileReference; lastKnownFileType = sourcecode.swift; path = SceneDelegate.swift; sourceTree = "<group>"; };
		DCF7BB0726B23DFF00AE0E0E /* TransactionsListViewController.swift */ = {isa = PBXFileReference; lastKnownFileType = sourcecode.swift; path = TransactionsListViewController.swift; sourceTree = "<group>"; };
		DCF7BB0A26B23DFF00AE0E0E /* Base */ = {isa = PBXFileReference; lastKnownFileType = file.storyboard; name = Base; path = Base.lproj/Transactions.storyboard; sourceTree = "<group>"; };
		DCF7BB0C26B23E0200AE0E0E /* Assets.xcassets */ = {isa = PBXFileReference; lastKnownFileType = folder.assetcatalog; path = Assets.xcassets; sourceTree = "<group>"; };
		DCF7BB0F26B23E0200AE0E0E /* Base */ = {isa = PBXFileReference; lastKnownFileType = file.storyboard; name = Base; path = Base.lproj/LaunchScreen.storyboard; sourceTree = "<group>"; };
		DCF7BB1126B23E0200AE0E0E /* Info.plist */ = {isa = PBXFileReference; lastKnownFileType = text.plist.xml; path = Info.plist; sourceTree = "<group>"; };
		DCF7BB1626B23E0200AE0E0E /* ASBInterviewExerciseTests.xctest */ = {isa = PBXFileReference; explicitFileType = wrapper.cfbundle; includeInIndex = 0; path = ASBInterviewExerciseTests.xctest; sourceTree = BUILT_PRODUCTS_DIR; };
		DCF7BB1A26B23E0200AE0E0E /* ASBInterviewExerciseTests.swift */ = {isa = PBXFileReference; lastKnownFileType = sourcecode.swift; path = ASBInterviewExerciseTests.swift; sourceTree = "<group>"; };
		DCF7BB1C26B23E0200AE0E0E /* Info.plist */ = {isa = PBXFileReference; lastKnownFileType = text.plist.xml; path = Info.plist; sourceTree = "<group>"; };
		DCF7BB2126B23E0200AE0E0E /* ASBInterviewExerciseUITests.xctest */ = {isa = PBXFileReference; explicitFileType = wrapper.cfbundle; includeInIndex = 0; path = ASBInterviewExerciseUITests.xctest; sourceTree = BUILT_PRODUCTS_DIR; };
		DCF7BB2526B23E0200AE0E0E /* ASBInterviewExerciseUITests.swift */ = {isa = PBXFileReference; lastKnownFileType = sourcecode.swift; path = ASBInterviewExerciseUITests.swift; sourceTree = "<group>"; };
		DCF7BB2726B23E0200AE0E0E /* Info.plist */ = {isa = PBXFileReference; lastKnownFileType = text.plist.xml; path = Info.plist; sourceTree = "<group>"; };
/* End PBXFileReference section */

/* Begin PBXFrameworksBuildPhase section */
		DCF7BAFD26B23DFE00AE0E0E /* Frameworks */ = {
			isa = PBXFrameworksBuildPhase;
			buildActionMask = 2147483647;
			files = (
				81195537283992920062FE25 /* Alamofire in Frameworks */,
				DCF7BB3526B23E3600AE0E0E /* Swinject in Frameworks */,
				8119554A2839AC8F0062FE25 /* RxSwift in Frameworks */,
				811955482839AC8F0062FE25 /* RxCocoa in Frameworks */,
				8119555A2839BB310062FE25 /* SwinjectStoryboard in Frameworks */,
				8119552E283991A40062FE25 /* HTTPStatusCodes in Frameworks */,
			);
			runOnlyForDeploymentPostprocessing = 0;
		};
		DCF7BB1326B23E0200AE0E0E /* Frameworks */ = {
			isa = PBXFrameworksBuildPhase;
			buildActionMask = 2147483647;
			files = (
				811955242839891D0062FE25 /* Cuckoo in Frameworks */,
			);
			runOnlyForDeploymentPostprocessing = 0;
		};
		DCF7BB1E26B23E0200AE0E0E /* Frameworks */ = {
			isa = PBXFrameworksBuildPhase;
			buildActionMask = 2147483647;
			files = (
			);
			runOnlyForDeploymentPostprocessing = 0;
		};
/* End PBXFrameworksBuildPhase section */

/* Begin PBXGroup section */
		8119550B283981DA0062FE25 /* Views */ = {
			isa = PBXGroup;
			children = (
				81195514283982500062FE25 /* ViewControllers */,
				811955132839824A0062FE25 /* Storyboards */,
				81195512283982420062FE25 /* Components */,
				811955112839823A0062FE25 /* Extensions */,
				81195510283982200062FE25 /* Fonts */,
				DCF7BB0C26B23E0200AE0E0E /* Assets.xcassets */,
			);
			path = Views;
			sourceTree = "<group>";
		};
		8119550C283981E10062FE25 /* ViewModels */ = {
			isa = PBXGroup;
			children = (
				811955502839AF3C0062FE25 /* Helpers */,
				8119554B2839ACA40062FE25 /* Transactions */,
			);
			path = ViewModels;
			sourceTree = "<group>";
		};
		8119550D283981E70062FE25 /* Models */ = {
			isa = PBXGroup;
			children = (
				81195540283999CD0062FE25 /* Transactions */,
			);
			path = Models;
			sourceTree = "<group>";
		};
		8119550E283981EF0062FE25 /* Services */ = {
			isa = PBXGroup;
			children = (
				8119552F283991BD0062FE25 /* ApiServices */,
				8119551C2839854E0062FE25 /* Configurations */,
				8119555B2839BB430062FE25 /* InversionOfControl */,
			);
			path = Services;
			sourceTree = "<group>";
		};
		8119550F283981F50062FE25 /* Protocols */ = {
			isa = PBXGroup;
			children = (
				81195538283993A30062FE25 /* ApiServices */,
				8119555C2839BB8B0062FE25 /* IocContainerable.swift */,
				8119551A283985170062FE25 /* ConfigurationCollection.swift */,
			);
			path = Protocols;
			sourceTree = "<group>";
		};
		81195510283982200062FE25 /* Fonts */ = {
			isa = PBXGroup;
			children = (
			);
			path = Fonts;
			sourceTree = "<group>";
		};
		811955112839823A0062FE25 /* Extensions */ = {
			isa = PBXGroup;
			children = (
			);
			path = Extensions;
			sourceTree = "<group>";
		};
		81195512283982420062FE25 /* Components */ = {
			isa = PBXGroup;
			children = (
				811955532839B1AF0062FE25 /* Transactions */,
			);
			path = Components;
			sourceTree = "<group>";
		};
		811955132839824A0062FE25 /* Storyboards */ = {
			isa = PBXGroup;
			children = (
				DCF7BB0926B23DFF00AE0E0E /* Transactions.storyboard */,
				DCF7BB0E26B23E0200AE0E0E /* LaunchScreen.storyboard */,
			);
			path = Storyboards;
			sourceTree = "<group>";
		};
		81195514283982500062FE25 /* ViewControllers */ = {
			isa = PBXGroup;
			children = (
				81195515283982580062FE25 /* Transactions */,
			);
			path = ViewControllers;
			sourceTree = "<group>";
		};
		81195515283982580062FE25 /* Transactions */ = {
			isa = PBXGroup;
			children = (
				DCF7BB0726B23DFF00AE0E0E /* TransactionsListViewController.swift */,
				811955562839B8E50062FE25 /* TransactionDetailsViewController.swift */,
			);
			path = Transactions;
			sourceTree = "<group>";
		};
		8119551C2839854E0062FE25 /* Configurations */ = {
			isa = PBXGroup;
			children = (
				8119551F2839859C0062FE25 /* Configuration.swift */,
			);
			path = Configurations;
			sourceTree = "<group>";
		};
		81195521283988B80062FE25 /* Services */ = {
			isa = PBXGroup;
			children = (
				8119554328399AD70062FE25 /* ApiServices */,
				8119552828398A160062FE25 /* ConfigurationTests.swift */,
			);
			path = Services;
			sourceTree = "<group>";
		};
		8119552F283991BD0062FE25 /* ApiServices */ = {
			isa = PBXGroup;
			children = (
				81195530283991E40062FE25 /* Transactions */,
				81195531283991FE0062FE25 /* ApiServiceError.swift */,
				81195533283992550062FE25 /* RestClient.swift */,
				811955392839994C0062FE25 /* BaseApiService.swift */,
			);
			path = ApiServices;
			sourceTree = "<group>";
		};
		81195530283991E40062FE25 /* Transactions */ = {
			isa = PBXGroup;
			children = (
				8119553B283999860062FE25 /* TransactionsService.swift */,
			);
			path = Transactions;
			sourceTree = "<group>";
		};
		81195538283993A30062FE25 /* ApiServices */ = {
			isa = PBXGroup;
			children = (
				8119553D2839999C0062FE25 /* Transactions */,
				8119552A283991560062FE25 /* RestClientable.swift */,
			);
			path = ApiServices;
			sourceTree = "<group>";
		};
		8119553D2839999C0062FE25 /* Transactions */ = {
			isa = PBXGroup;
			children = (
				8119553E283999B20062FE25 /* TransactionsServiceable.swift */,
			);
			path = Transactions;
			sourceTree = "<group>";
		};
		81195540283999CD0062FE25 /* Transactions */ = {
			isa = PBXGroup;
			children = (
				81195541283999DD0062FE25 /* Transaction.swift */,
			);
			path = Transactions;
			sourceTree = "<group>";
		};
		8119554328399AD70062FE25 /* ApiServices */ = {
			isa = PBXGroup;
			children = (
				8119554428399AED0062FE25 /* TransactionsServiceTests.swift */,
			);
			path = ApiServices;
			sourceTree = "<group>";
		};
		8119554B2839ACA40062FE25 /* Transactions */ = {
			isa = PBXGroup;
			children = (
				8119554C2839ACB70062FE25 /* TransactionsListViewModel.swift */,
				8119554E2839ACD00062FE25 /* TransactionsListCellViewModel.swift */,
			);
			path = Transactions;
			sourceTree = "<group>";
		};
		811955502839AF3C0062FE25 /* Helpers */ = {
			isa = PBXGroup;
			children = (
				811955512839AF610062FE25 /* Date+Format.swift */,
			);
			path = Helpers;
			sourceTree = "<group>";
		};
		811955532839B1AF0062FE25 /* Transactions */ = {
			isa = PBXGroup;
			children = (
				811955542839B1CF0062FE25 /* TransactionsListTableViewCell.swift */,
			);
			path = Transactions;
			sourceTree = "<group>";
		};
		8119555B2839BB430062FE25 /* InversionOfControl */ = {
			isa = PBXGroup;
			children = (
				8119555E2839BBBF0062FE25 /* IocContainer.swift */,
				811955602839BBE30062FE25 /* IocConfiguration.swift */,
			);
			path = InversionOfControl;
			sourceTree = "<group>";
		};
		DCF7BAF726B23DFE00AE0E0E = {
			isa = PBXGroup;
			children = (
				DCF7BB0226B23DFF00AE0E0E /* ASBInterviewExercise */,
				DCF7BB1926B23E0200AE0E0E /* ASBInterviewExerciseTests */,
				DCF7BB2426B23E0200AE0E0E /* ASBInterviewExerciseUITests */,
				DCF7BB0126B23DFE00AE0E0E /* Products */,
			);
			sourceTree = "<group>";
		};
		DCF7BB0126B23DFE00AE0E0E /* Products */ = {
			isa = PBXGroup;
			children = (
				DCF7BB0026B23DFE00AE0E0E /* ASBInterviewExercise.app */,
				DCF7BB1626B23E0200AE0E0E /* ASBInterviewExerciseTests.xctest */,
				DCF7BB2126B23E0200AE0E0E /* ASBInterviewExerciseUITests.xctest */,
			);
			name = Products;
			sourceTree = "<group>";
		};
		DCF7BB0226B23DFF00AE0E0E /* ASBInterviewExercise */ = {
			isa = PBXGroup;
			children = (
				8119550F283981F50062FE25 /* Protocols */,
				8119550E283981EF0062FE25 /* Services */,
				8119550D283981E70062FE25 /* Models */,
				8119550C283981E10062FE25 /* ViewModels */,
				8119550B283981DA0062FE25 /* Views */,
				DCF7BB0326B23DFF00AE0E0E /* AppDelegate.swift */,
				DCF7BB0526B23DFF00AE0E0E /* SceneDelegate.swift */,
				DCF7BB1126B23E0200AE0E0E /* Info.plist */,
				81195516283984E30062FE25 /* Configuration.Debug.xcconfig */,
				81195518283984F60062FE25 /* Configuration.Release.xcconfig */,
			);
			path = ASBInterviewExercise;
			sourceTree = "<group>";
		};
		DCF7BB1926B23E0200AE0E0E /* ASBInterviewExerciseTests */ = {
			isa = PBXGroup;
			children = (
				81195526283989F00062FE25 /* GeneratedMocks.swift */,
				81195521283988B80062FE25 /* Services */,
				DCF7BB1A26B23E0200AE0E0E /* ASBInterviewExerciseTests.swift */,
				DCF7BB1C26B23E0200AE0E0E /* Info.plist */,
			);
			path = ASBInterviewExerciseTests;
			sourceTree = "<group>";
		};
		DCF7BB2426B23E0200AE0E0E /* ASBInterviewExerciseUITests */ = {
			isa = PBXGroup;
			children = (
				DCF7BB2526B23E0200AE0E0E /* ASBInterviewExerciseUITests.swift */,
				DCF7BB2726B23E0200AE0E0E /* Info.plist */,
			);
			path = ASBInterviewExerciseUITests;
			sourceTree = "<group>";
		};
/* End PBXGroup section */

/* Begin PBXNativeTarget section */
		DCF7BAFF26B23DFE00AE0E0E /* ASBInterviewExercise */ = {
			isa = PBXNativeTarget;
			buildConfigurationList = DCF7BB2A26B23E0200AE0E0E /* Build configuration list for PBXNativeTarget "ASBInterviewExercise" */;
			buildPhases = (
				DCF7BAFC26B23DFE00AE0E0E /* Sources */,
				DCF7BAFD26B23DFE00AE0E0E /* Frameworks */,
				DCF7BAFE26B23DFE00AE0E0E /* Resources */,
			);
			buildRules = (
			);
			dependencies = (
			);
			name = ASBInterviewExercise;
			packageProductDependencies = (
				DCF7BB3426B23E3600AE0E0E /* Swinject */,
				8119552D283991A40062FE25 /* HTTPStatusCodes */,
				81195536283992920062FE25 /* Alamofire */,
				811955472839AC8F0062FE25 /* RxCocoa */,
				811955492839AC8F0062FE25 /* RxSwift */,
				811955592839BB310062FE25 /* SwinjectStoryboard */,
			);
			productName = ASBInterviewExercise;
			productReference = DCF7BB0026B23DFE00AE0E0E /* ASBInterviewExercise.app */;
			productType = "com.apple.product-type.application";
		};
		DCF7BB1526B23E0200AE0E0E /* ASBInterviewExerciseTests */ = {
			isa = PBXNativeTarget;
			buildConfigurationList = DCF7BB2D26B23E0200AE0E0E /* Build configuration list for PBXNativeTarget "ASBInterviewExerciseTests" */;
			buildPhases = (
				81195525283989840062FE25 /* ShellScript */,
				DCF7BB1226B23E0200AE0E0E /* Sources */,
				DCF7BB1326B23E0200AE0E0E /* Frameworks */,
				DCF7BB1426B23E0200AE0E0E /* Resources */,
			);
			buildRules = (
			);
			dependencies = (
				DCF7BB1826B23E0200AE0E0E /* PBXTargetDependency */,
			);
			name = ASBInterviewExerciseTests;
			packageProductDependencies = (
				811955232839891D0062FE25 /* Cuckoo */,
			);
			productName = ASBInterviewExerciseTests;
			productReference = DCF7BB1626B23E0200AE0E0E /* ASBInterviewExerciseTests.xctest */;
			productType = "com.apple.product-type.bundle.unit-test";
		};
		DCF7BB2026B23E0200AE0E0E /* ASBInterviewExerciseUITests */ = {
			isa = PBXNativeTarget;
			buildConfigurationList = DCF7BB3026B23E0200AE0E0E /* Build configuration list for PBXNativeTarget "ASBInterviewExerciseUITests" */;
			buildPhases = (
				DCF7BB1D26B23E0200AE0E0E /* Sources */,
				DCF7BB1E26B23E0200AE0E0E /* Frameworks */,
				DCF7BB1F26B23E0200AE0E0E /* Resources */,
			);
			buildRules = (
			);
			dependencies = (
				DCF7BB2326B23E0200AE0E0E /* PBXTargetDependency */,
			);
			name = ASBInterviewExerciseUITests;
			productName = ASBInterviewExerciseUITests;
			productReference = DCF7BB2126B23E0200AE0E0E /* ASBInterviewExerciseUITests.xctest */;
			productType = "com.apple.product-type.bundle.ui-testing";
		};
/* End PBXNativeTarget section */

/* Begin PBXProject section */
		DCF7BAF826B23DFE00AE0E0E /* Project object */ = {
			isa = PBXProject;
			attributes = {
				LastSwiftUpdateCheck = 1250;
				LastUpgradeCheck = 1250;
				TargetAttributes = {
					DCF7BAFF26B23DFE00AE0E0E = {
						CreatedOnToolsVersion = 12.5.1;
					};
					DCF7BB1526B23E0200AE0E0E = {
						CreatedOnToolsVersion = 12.5.1;
						TestTargetID = DCF7BAFF26B23DFE00AE0E0E;
					};
					DCF7BB2026B23E0200AE0E0E = {
						CreatedOnToolsVersion = 12.5.1;
						TestTargetID = DCF7BAFF26B23DFE00AE0E0E;
					};
				};
			};
			buildConfigurationList = DCF7BAFB26B23DFE00AE0E0E /* Build configuration list for PBXProject "ASBInterviewExercise" */;
			compatibilityVersion = "Xcode 9.3";
			developmentRegion = en;
			hasScannedForEncodings = 0;
			knownRegions = (
				en,
				Base,
			);
			mainGroup = DCF7BAF726B23DFE00AE0E0E;
			packageReferences = (
				DCF7BB3326B23E3600AE0E0E /* XCRemoteSwiftPackageReference "Swinject" */,
				811955222839891D0062FE25 /* XCRemoteSwiftPackageReference "Cuckoo" */,
				8119552C283991A40062FE25 /* XCRemoteSwiftPackageReference "SwiftHTTPStatusCodes" */,
				81195535283992920062FE25 /* XCRemoteSwiftPackageReference "Alamofire" */,
				811955462839AC8F0062FE25 /* XCRemoteSwiftPackageReference "RxSwift" */,
				811955582839BB310062FE25 /* XCRemoteSwiftPackageReference "SwinjectStoryboard" */,
			);
			productRefGroup = DCF7BB0126B23DFE00AE0E0E /* Products */;
			projectDirPath = "";
			projectRoot = "";
			targets = (
				DCF7BAFF26B23DFE00AE0E0E /* ASBInterviewExercise */,
				DCF7BB1526B23E0200AE0E0E /* ASBInterviewExerciseTests */,
				DCF7BB2026B23E0200AE0E0E /* ASBInterviewExerciseUITests */,
			);
		};
/* End PBXProject section */

/* Begin PBXResourcesBuildPhase section */
		DCF7BAFE26B23DFE00AE0E0E /* Resources */ = {
			isa = PBXResourcesBuildPhase;
			buildActionMask = 2147483647;
			files = (
				81195517283984E30062FE25 /* Configuration.Debug.xcconfig in Resources */,
				DCF7BB1026B23E0200AE0E0E /* LaunchScreen.storyboard in Resources */,
				DCF7BB0D26B23E0200AE0E0E /* Assets.xcassets in Resources */,
				DCF7BB0B26B23DFF00AE0E0E /* Transactions.storyboard in Resources */,
				81195519283984F60062FE25 /* Configuration.Release.xcconfig in Resources */,
			);
			runOnlyForDeploymentPostprocessing = 0;
		};
		DCF7BB1426B23E0200AE0E0E /* Resources */ = {
			isa = PBXResourcesBuildPhase;
			buildActionMask = 2147483647;
			files = (
			);
			runOnlyForDeploymentPostprocessing = 0;
		};
		DCF7BB1F26B23E0200AE0E0E /* Resources */ = {
			isa = PBXResourcesBuildPhase;
			buildActionMask = 2147483647;
			files = (
			);
			runOnlyForDeploymentPostprocessing = 0;
		};
/* End PBXResourcesBuildPhase section */

/* Begin PBXShellScriptBuildPhase section */
		81195525283989840062FE25 /* ShellScript */ = {
			isa = PBXShellScriptBuildPhase;
			buildActionMask = 2147483647;
			files = (
			);
			inputFileListPaths = (
			);
			inputPaths = (
			);
			outputFileListPaths = (
			);
			outputPaths = (
			);
			runOnlyForDeploymentPostprocessing = 0;
			shellPath = /bin/sh;
			shellScript = "# Type a script or drag a script file from your workspace to insert its path.\n\n# Type a script or drag a script file from your workspace to insert its path.\n# Type a script or drag a script file from your workspace to insert its path.\nif [ $ACTION == \"indexbuild\" ]; then\n  echo \"Not running Cuckoo generator during indexing.\"\n  exit 0 \nfi\n\n# Define output file. Change \"${PROJECT_DIR}/${PROJECT_NAME}Tests\" to your test's root source folder, if it's not the default name.\nOUTPUT_FILE=\"${PROJECT_DIR}/${PROJECT_NAME}Tests/GeneratedMocks.swift\"\necho \"Generated Mocks File = ${OUTPUT_FILE}\"\n\n# Define input directory. Change \"${PROJECT_DIR}/${PROJECT_NAME}\" to your project's root source folder, if it's not the default name.\nINPUT_DIR=\"${PROJECT_DIR}/${PROJECT_NAME}\"\necho \"Mocks Input Directory = ${INPUT_DIR}\"\n\necho \"${INPUT_DIR}\"\n# Generate mock files, include as many input files as you'd like to create mocks for.\n\"${PROJECT_DIR}/run\" --download generate --testable \"${PROJECT_NAME}\" \\\n--output \"${OUTPUT_FILE}\" \\\n\"${INPUT_DIR}/Protocols/ConfigurationCollection.swift\" \\\n\"${INPUT_DIR}/Protocols/ApiServices/RestClientable.swift\" \\\n\"${INPUT_DIR}/Protocols/ApiServices/Transactions/TransactionsServiceable.swift\" \n# ... and so forth, the last line should never end with a backslash\n\n# After running once, locate `GeneratedMocks.swift` and drag it into your Xcode test target group.\n";
		};
/* End PBXShellScriptBuildPhase section */

/* Begin PBXSourcesBuildPhase section */
		DCF7BAFC26B23DFE00AE0E0E /* Sources */ = {
			isa = PBXSourcesBuildPhase;
			buildActionMask = 2147483647;
			files = (
				8119553F283999B20062FE25 /* TransactionsServiceable.swift in Sources */,
				81195534283992550062FE25 /* RestClient.swift in Sources */,
				81195542283999DD0062FE25 /* Transaction.swift in Sources */,
				8119552B283991560062FE25 /* RestClientable.swift in Sources */,
				811955572839B8E50062FE25 /* TransactionDetailsViewController.swift in Sources */,
				8119551B283985170062FE25 /* ConfigurationCollection.swift in Sources */,
				8119553A2839994C0062FE25 /* BaseApiService.swift in Sources */,
				811955552839B1CF0062FE25 /* TransactionsListTableViewCell.swift in Sources */,
				811955612839BBE30062FE25 /* IocConfiguration.swift in Sources */,
				811955522839AF610062FE25 /* Date+Format.swift in Sources */,
				8119555D2839BB8B0062FE25 /* IocContainerable.swift in Sources */,
				8119555F2839BBBF0062FE25 /* IocContainer.swift in Sources */,
				8119554D2839ACB70062FE25 /* TransactionsListViewModel.swift in Sources */,
				81195532283991FE0062FE25 /* ApiServiceError.swift in Sources */,
				811955202839859C0062FE25 /* Configuration.swift in Sources */,
				DCF7BB0826B23DFF00AE0E0E /* TransactionsListViewController.swift in Sources */,
				DCF7BB0426B23DFF00AE0E0E /* AppDelegate.swift in Sources */,
				8119554F2839ACD00062FE25 /* TransactionsListCellViewModel.swift in Sources */,
				8119553C283999860062FE25 /* TransactionsService.swift in Sources */,
				DCF7BB0626B23DFF00AE0E0E /* SceneDelegate.swift in Sources */,
			);
			runOnlyForDeploymentPostprocessing = 0;
		};
		DCF7BB1226B23E0200AE0E0E /* Sources */ = {
			isa = PBXSourcesBuildPhase;
			buildActionMask = 2147483647;
			files = (
				DCF7BB1B26B23E0200AE0E0E /* ASBInterviewExerciseTests.swift in Sources */,
				81195527283989F00062FE25 /* GeneratedMocks.swift in Sources */,
				8119554528399AED0062FE25 /* TransactionsServiceTests.swift in Sources */,
				8119552928398A160062FE25 /* ConfigurationTests.swift in Sources */,
			);
			runOnlyForDeploymentPostprocessing = 0;
		};
		DCF7BB1D26B23E0200AE0E0E /* Sources */ = {
			isa = PBXSourcesBuildPhase;
			buildActionMask = 2147483647;
			files = (
				DCF7BB2626B23E0200AE0E0E /* ASBInterviewExerciseUITests.swift in Sources */,
			);
			runOnlyForDeploymentPostprocessing = 0;
		};
/* End PBXSourcesBuildPhase section */

/* Begin PBXTargetDependency section */
		DCF7BB1826B23E0200AE0E0E /* PBXTargetDependency */ = {
			isa = PBXTargetDependency;
			target = DCF7BAFF26B23DFE00AE0E0E /* ASBInterviewExercise */;
			targetProxy = DCF7BB1726B23E0200AE0E0E /* PBXContainerItemProxy */;
		};
		DCF7BB2326B23E0200AE0E0E /* PBXTargetDependency */ = {
			isa = PBXTargetDependency;
			target = DCF7BAFF26B23DFE00AE0E0E /* ASBInterviewExercise */;
			targetProxy = DCF7BB2226B23E0200AE0E0E /* PBXContainerItemProxy */;
		};
/* End PBXTargetDependency section */

/* Begin PBXVariantGroup section */
		DCF7BB0926B23DFF00AE0E0E /* Transactions.storyboard */ = {
			isa = PBXVariantGroup;
			children = (
				DCF7BB0A26B23DFF00AE0E0E /* Base */,
			);
			name = Transactions.storyboard;
			sourceTree = "<group>";
		};
		DCF7BB0E26B23E0200AE0E0E /* LaunchScreen.storyboard */ = {
			isa = PBXVariantGroup;
			children = (
				DCF7BB0F26B23E0200AE0E0E /* Base */,
			);
			name = LaunchScreen.storyboard;
			sourceTree = "<group>";
		};
/* End PBXVariantGroup section */

/* Begin XCBuildConfiguration section */
		DCF7BB2826B23E0200AE0E0E /* Debug */ = {
			isa = XCBuildConfiguration;
			baseConfigurationReference = 81195516283984E30062FE25 /* Configuration.Debug.xcconfig */;
			buildSettings = {
				ALWAYS_SEARCH_USER_PATHS = NO;
				CLANG_ANALYZER_NONNULL = YES;
				CLANG_ANALYZER_NUMBER_OBJECT_CONVERSION = YES_AGGRESSIVE;
				CLANG_CXX_LANGUAGE_STANDARD = "gnu++14";
				CLANG_CXX_LIBRARY = "libc++";
				CLANG_ENABLE_MODULES = YES;
				CLANG_ENABLE_OBJC_ARC = YES;
				CLANG_ENABLE_OBJC_WEAK = YES;
				CLANG_WARN_BLOCK_CAPTURE_AUTORELEASING = YES;
				CLANG_WARN_BOOL_CONVERSION = YES;
				CLANG_WARN_COMMA = YES;
				CLANG_WARN_CONSTANT_CONVERSION = YES;
				CLANG_WARN_DEPRECATED_OBJC_IMPLEMENTATIONS = YES;
				CLANG_WARN_DIRECT_OBJC_ISA_USAGE = YES_ERROR;
				CLANG_WARN_DOCUMENTATION_COMMENTS = YES;
				CLANG_WARN_EMPTY_BODY = YES;
				CLANG_WARN_ENUM_CONVERSION = YES;
				CLANG_WARN_INFINITE_RECURSION = YES;
				CLANG_WARN_INT_CONVERSION = YES;
				CLANG_WARN_NON_LITERAL_NULL_CONVERSION = YES;
				CLANG_WARN_OBJC_IMPLICIT_RETAIN_SELF = YES;
				CLANG_WARN_OBJC_LITERAL_CONVERSION = YES;
				CLANG_WARN_OBJC_ROOT_CLASS = YES_ERROR;
				CLANG_WARN_QUOTED_INCLUDE_IN_FRAMEWORK_HEADER = YES;
				CLANG_WARN_RANGE_LOOP_ANALYSIS = YES;
				CLANG_WARN_STRICT_PROTOTYPES = YES;
				CLANG_WARN_SUSPICIOUS_MOVE = YES;
				CLANG_WARN_UNGUARDED_AVAILABILITY = YES_AGGRESSIVE;
				CLANG_WARN_UNREACHABLE_CODE = YES;
				CLANG_WARN__DUPLICATE_METHOD_MATCH = YES;
				COPY_PHASE_STRIP = NO;
				DEBUG_INFORMATION_FORMAT = dwarf;
				ENABLE_STRICT_OBJC_MSGSEND = YES;
				ENABLE_TESTABILITY = YES;
				GCC_C_LANGUAGE_STANDARD = gnu11;
				GCC_DYNAMIC_NO_PIC = NO;
				GCC_NO_COMMON_BLOCKS = YES;
				GCC_OPTIMIZATION_LEVEL = 0;
				GCC_PREPROCESSOR_DEFINITIONS = (
					"DEBUG=1",
					"$(inherited)",
				);
				GCC_WARN_64_TO_32_BIT_CONVERSION = YES;
				GCC_WARN_ABOUT_RETURN_TYPE = YES_ERROR;
				GCC_WARN_UNDECLARED_SELECTOR = YES;
				GCC_WARN_UNINITIALIZED_AUTOS = YES_AGGRESSIVE;
				GCC_WARN_UNUSED_FUNCTION = YES;
				GCC_WARN_UNUSED_VARIABLE = YES;
				IPHONEOS_DEPLOYMENT_TARGET = 14.5;
				MTL_ENABLE_DEBUG_INFO = INCLUDE_SOURCE;
				MTL_FAST_MATH = YES;
				ONLY_ACTIVE_ARCH = YES;
				SDKROOT = iphoneos;
				SWIFT_ACTIVE_COMPILATION_CONDITIONS = DEBUG;
				SWIFT_OPTIMIZATION_LEVEL = "-Onone";
			};
			name = Debug;
		};
		DCF7BB2926B23E0200AE0E0E /* Release */ = {
			isa = XCBuildConfiguration;
			baseConfigurationReference = 81195518283984F60062FE25 /* Configuration.Release.xcconfig */;
			buildSettings = {
				ALWAYS_SEARCH_USER_PATHS = NO;
				CLANG_ANALYZER_NONNULL = YES;
				CLANG_ANALYZER_NUMBER_OBJECT_CONVERSION = YES_AGGRESSIVE;
				CLANG_CXX_LANGUAGE_STANDARD = "gnu++14";
				CLANG_CXX_LIBRARY = "libc++";
				CLANG_ENABLE_MODULES = YES;
				CLANG_ENABLE_OBJC_ARC = YES;
				CLANG_ENABLE_OBJC_WEAK = YES;
				CLANG_WARN_BLOCK_CAPTURE_AUTORELEASING = YES;
				CLANG_WARN_BOOL_CONVERSION = YES;
				CLANG_WARN_COMMA = YES;
				CLANG_WARN_CONSTANT_CONVERSION = YES;
				CLANG_WARN_DEPRECATED_OBJC_IMPLEMENTATIONS = YES;
				CLANG_WARN_DIRECT_OBJC_ISA_USAGE = YES_ERROR;
				CLANG_WARN_DOCUMENTATION_COMMENTS = YES;
				CLANG_WARN_EMPTY_BODY = YES;
				CLANG_WARN_ENUM_CONVERSION = YES;
				CLANG_WARN_INFINITE_RECURSION = YES;
				CLANG_WARN_INT_CONVERSION = YES;
				CLANG_WARN_NON_LITERAL_NULL_CONVERSION = YES;
				CLANG_WARN_OBJC_IMPLICIT_RETAIN_SELF = YES;
				CLANG_WARN_OBJC_LITERAL_CONVERSION = YES;
				CLANG_WARN_OBJC_ROOT_CLASS = YES_ERROR;
				CLANG_WARN_QUOTED_INCLUDE_IN_FRAMEWORK_HEADER = YES;
				CLANG_WARN_RANGE_LOOP_ANALYSIS = YES;
				CLANG_WARN_STRICT_PROTOTYPES = YES;
				CLANG_WARN_SUSPICIOUS_MOVE = YES;
				CLANG_WARN_UNGUARDED_AVAILABILITY = YES_AGGRESSIVE;
				CLANG_WARN_UNREACHABLE_CODE = YES;
				CLANG_WARN__DUPLICATE_METHOD_MATCH = YES;
				COPY_PHASE_STRIP = NO;
				DEBUG_INFORMATION_FORMAT = "dwarf-with-dsym";
				ENABLE_NS_ASSERTIONS = NO;
				ENABLE_STRICT_OBJC_MSGSEND = YES;
				GCC_C_LANGUAGE_STANDARD = gnu11;
				GCC_NO_COMMON_BLOCKS = YES;
				GCC_WARN_64_TO_32_BIT_CONVERSION = YES;
				GCC_WARN_ABOUT_RETURN_TYPE = YES_ERROR;
				GCC_WARN_UNDECLARED_SELECTOR = YES;
				GCC_WARN_UNINITIALIZED_AUTOS = YES_AGGRESSIVE;
				GCC_WARN_UNUSED_FUNCTION = YES;
				GCC_WARN_UNUSED_VARIABLE = YES;
				IPHONEOS_DEPLOYMENT_TARGET = 14.5;
				MTL_ENABLE_DEBUG_INFO = NO;
				MTL_FAST_MATH = YES;
				SDKROOT = iphoneos;
				SWIFT_COMPILATION_MODE = wholemodule;
				SWIFT_OPTIMIZATION_LEVEL = "-O";
				VALIDATE_PRODUCT = YES;
			};
			name = Release;
		};
		DCF7BB2B26B23E0200AE0E0E /* Debug */ = {
			isa = XCBuildConfiguration;
			baseConfigurationReference = 81195516283984E30062FE25 /* Configuration.Debug.xcconfig */;
			buildSettings = {
				ASSETCATALOG_COMPILER_APPICON_NAME = AppIcon;
				ASSETCATALOG_COMPILER_GLOBAL_ACCENT_COLOR_NAME = AccentColor;
				CODE_SIGN_STYLE = Automatic;
				INFOPLIST_FILE = ASBInterviewExercise/Info.plist;
				LD_RUNPATH_SEARCH_PATHS = (
					"$(inherited)",
					"@executable_path/Frameworks",
				);
				PRODUCT_BUNDLE_IDENTIFIER = nz.co.asb.mobile.ASBInterviewExercise;
				PRODUCT_NAME = "$(TARGET_NAME)";
				SWIFT_VERSION = 5.0;
				TARGETED_DEVICE_FAMILY = "1,2";
			};
			name = Debug;
		};
		DCF7BB2C26B23E0200AE0E0E /* Release */ = {
			isa = XCBuildConfiguration;
			baseConfigurationReference = 81195518283984F60062FE25 /* Configuration.Release.xcconfig */;
			buildSettings = {
				ASSETCATALOG_COMPILER_APPICON_NAME = AppIcon;
				ASSETCATALOG_COMPILER_GLOBAL_ACCENT_COLOR_NAME = AccentColor;
				CODE_SIGN_STYLE = Automatic;
				INFOPLIST_FILE = ASBInterviewExercise/Info.plist;
				LD_RUNPATH_SEARCH_PATHS = (
					"$(inherited)",
					"@executable_path/Frameworks",
				);
				PRODUCT_BUNDLE_IDENTIFIER = nz.co.asb.mobile.ASBInterviewExercise;
				PRODUCT_NAME = "$(TARGET_NAME)";
				SWIFT_VERSION = 5.0;
				TARGETED_DEVICE_FAMILY = "1,2";
			};
			name = Release;
		};
		DCF7BB2E26B23E0200AE0E0E /* Debug */ = {
			isa = XCBuildConfiguration;
			baseConfigurationReference = 81195516283984E30062FE25 /* Configuration.Debug.xcconfig */;
			buildSettings = {
				ALWAYS_EMBED_SWIFT_STANDARD_LIBRARIES = YES;
				BUNDLE_LOADER = "$(TEST_HOST)";
				CODE_SIGN_STYLE = Automatic;
				INFOPLIST_FILE = ASBInterviewExerciseTests/Info.plist;
				IPHONEOS_DEPLOYMENT_TARGET = 14.5;
				LD_RUNPATH_SEARCH_PATHS = (
					"$(inherited)",
					"@executable_path/Frameworks",
					"@loader_path/Frameworks",
				);
				PRODUCT_BUNDLE_IDENTIFIER = nz.co.asb.mobile.ASBInterviewExerciseTests;
				PRODUCT_NAME = "$(TARGET_NAME)";
				SWIFT_VERSION = 5.0;
				TARGETED_DEVICE_FAMILY = "1,2";
				TEST_HOST = "$(BUILT_PRODUCTS_DIR)/ASBInterviewExercise.app/ASBInterviewExercise";
			};
			name = Debug;
		};
		DCF7BB2F26B23E0200AE0E0E /* Release */ = {
			isa = XCBuildConfiguration;
			baseConfigurationReference = 81195518283984F60062FE25 /* Configuration.Release.xcconfig */;
			buildSettings = {
				ALWAYS_EMBED_SWIFT_STANDARD_LIBRARIES = YES;
				BUNDLE_LOADER = "$(TEST_HOST)";
				CODE_SIGN_STYLE = Automatic;
				INFOPLIST_FILE = ASBInterviewExerciseTests/Info.plist;
				IPHONEOS_DEPLOYMENT_TARGET = 14.5;
				LD_RUNPATH_SEARCH_PATHS = (
					"$(inherited)",
					"@executable_path/Frameworks",
					"@loader_path/Frameworks",
				);
				PRODUCT_BUNDLE_IDENTIFIER = nz.co.asb.mobile.ASBInterviewExerciseTests;
				PRODUCT_NAME = "$(TARGET_NAME)";
				SWIFT_VERSION = 5.0;
				TARGETED_DEVICE_FAMILY = "1,2";
				TEST_HOST = "$(BUILT_PRODUCTS_DIR)/ASBInterviewExercise.app/ASBInterviewExercise";
			};
			name = Release;
		};
		DCF7BB3126B23E0200AE0E0E /* Debug */ = {
			isa = XCBuildConfiguration;
			baseConfigurationReference = 81195516283984E30062FE25 /* Configuration.Debug.xcconfig */;
			buildSettings = {
				ALWAYS_EMBED_SWIFT_STANDARD_LIBRARIES = YES;
				CODE_SIGN_STYLE = Automatic;
				INFOPLIST_FILE = ASBInterviewExerciseUITests/Info.plist;
				LD_RUNPATH_SEARCH_PATHS = (
					"$(inherited)",
					"@executable_path/Frameworks",
					"@loader_path/Frameworks",
				);
				PRODUCT_BUNDLE_IDENTIFIER = nz.co.asb.mobile.ASBInterviewExerciseUITests;
				PRODUCT_NAME = "$(TARGET_NAME)";
				SWIFT_VERSION = 5.0;
				TARGETED_DEVICE_FAMILY = "1,2";
				TEST_TARGET_NAME = ASBInterviewExercise;
			};
			name = Debug;
		};
		DCF7BB3226B23E0200AE0E0E /* Release */ = {
			isa = XCBuildConfiguration;
			baseConfigurationReference = 81195518283984F60062FE25 /* Configuration.Release.xcconfig */;
			buildSettings = {
				ALWAYS_EMBED_SWIFT_STANDARD_LIBRARIES = YES;
				CODE_SIGN_STYLE = Automatic;
				INFOPLIST_FILE = ASBInterviewExerciseUITests/Info.plist;
				LD_RUNPATH_SEARCH_PATHS = (
					"$(inherited)",
					"@executable_path/Frameworks",
					"@loader_path/Frameworks",
				);
				PRODUCT_BUNDLE_IDENTIFIER = nz.co.asb.mobile.ASBInterviewExerciseUITests;
				PRODUCT_NAME = "$(TARGET_NAME)";
				SWIFT_VERSION = 5.0;
				TARGETED_DEVICE_FAMILY = "1,2";
				TEST_TARGET_NAME = ASBInterviewExercise;
			};
			name = Release;
		};
/* End XCBuildConfiguration section */

/* Begin XCConfigurationList section */
		DCF7BAFB26B23DFE00AE0E0E /* Build configuration list for PBXProject "ASBInterviewExercise" */ = {
			isa = XCConfigurationList;
			buildConfigurations = (
				DCF7BB2826B23E0200AE0E0E /* Debug */,
				DCF7BB2926B23E0200AE0E0E /* Release */,
			);
			defaultConfigurationIsVisible = 0;
			defaultConfigurationName = Release;
		};
		DCF7BB2A26B23E0200AE0E0E /* Build configuration list for PBXNativeTarget "ASBInterviewExercise" */ = {
			isa = XCConfigurationList;
			buildConfigurations = (
				DCF7BB2B26B23E0200AE0E0E /* Debug */,
				DCF7BB2C26B23E0200AE0E0E /* Release */,
			);
			defaultConfigurationIsVisible = 0;
			defaultConfigurationName = Release;
		};
		DCF7BB2D26B23E0200AE0E0E /* Build configuration list for PBXNativeTarget "ASBInterviewExerciseTests" */ = {
			isa = XCConfigurationList;
			buildConfigurations = (
				DCF7BB2E26B23E0200AE0E0E /* Debug */,
				DCF7BB2F26B23E0200AE0E0E /* Release */,
			);
			defaultConfigurationIsVisible = 0;
			defaultConfigurationName = Release;
		};
		DCF7BB3026B23E0200AE0E0E /* Build configuration list for PBXNativeTarget "ASBInterviewExerciseUITests" */ = {
			isa = XCConfigurationList;
			buildConfigurations = (
				DCF7BB3126B23E0200AE0E0E /* Debug */,
				DCF7BB3226B23E0200AE0E0E /* Release */,
			);
			defaultConfigurationIsVisible = 0;
			defaultConfigurationName = Release;
		};
/* End XCConfigurationList section */

/* Begin XCRemoteSwiftPackageReference section */
		811955222839891D0062FE25 /* XCRemoteSwiftPackageReference "Cuckoo" */ = {
			isa = XCRemoteSwiftPackageReference;
			repositoryURL = "https://github.com/Brightify/Cuckoo.git";
			requirement = {
				kind = upToNextMinorVersion;
				minimumVersion = 1.7.0;
			};
		};
		8119552C283991A40062FE25 /* XCRemoteSwiftPackageReference "SwiftHTTPStatusCodes" */ = {
			isa = XCRemoteSwiftPackageReference;
			repositoryURL = "https://github.com/rhodgkins/SwiftHTTPStatusCodes.git";
			requirement = {
				kind = upToNextMinorVersion;
				minimumVersion = 3.3.0;
			};
		};
		81195535283992920062FE25 /* XCRemoteSwiftPackageReference "Alamofire" */ = {
			isa = XCRemoteSwiftPackageReference;
			repositoryURL = "https://github.com/Alamofire/Alamofire.git";
			requirement = {
				kind = upToNextMinorVersion;
				minimumVersion = 5.6.0;
			};
		};
		811955462839AC8F0062FE25 /* XCRemoteSwiftPackageReference "RxSwift" */ = {
			isa = XCRemoteSwiftPackageReference;
			repositoryURL = "https://github.com/ReactiveX/RxSwift.git";
			requirement = {
				kind = upToNextMajorVersion;
				minimumVersion = 6.0.0;
			};
		};
		811955582839BB310062FE25 /* XCRemoteSwiftPackageReference "SwinjectStoryboard" */ = {
			isa = XCRemoteSwiftPackageReference;
			repositoryURL = "https://github.com/Swinject/SwinjectStoryboard.git";
			requirement = {
				kind = upToNextMinorVersion;
				minimumVersion = 2.2.0;
			};
		};
		DCF7BB3326B23E3600AE0E0E /* XCRemoteSwiftPackageReference "Swinject" */ = {
			isa = XCRemoteSwiftPackageReference;
			repositoryURL = "https://github.com/Swinject/Swinject.git";
			requirement = {
				kind = upToNextMajorVersion;
				minimumVersion = 2.7.1;
			};
		};
/* End XCRemoteSwiftPackageReference section */

/* Begin XCSwiftPackageProductDependency section */
		811955232839891D0062FE25 /* Cuckoo */ = {
			isa = XCSwiftPackageProductDependency;
			package = 811955222839891D0062FE25 /* XCRemoteSwiftPackageReference "Cuckoo" */;
			productName = Cuckoo;
		};
		8119552D283991A40062FE25 /* HTTPStatusCodes */ = {
			isa = XCSwiftPackageProductDependency;
			package = 8119552C283991A40062FE25 /* XCRemoteSwiftPackageReference "SwiftHTTPStatusCodes" */;
			productName = HTTPStatusCodes;
		};
		81195536283992920062FE25 /* Alamofire */ = {
			isa = XCSwiftPackageProductDependency;
			package = 81195535283992920062FE25 /* XCRemoteSwiftPackageReference "Alamofire" */;
			productName = Alamofire;
		};
		811955472839AC8F0062FE25 /* RxCocoa */ = {
			isa = XCSwiftPackageProductDependency;
			package = 811955462839AC8F0062FE25 /* XCRemoteSwiftPackageReference "RxSwift" */;
			productName = RxCocoa;
		};
		811955492839AC8F0062FE25 /* RxSwift */ = {
			isa = XCSwiftPackageProductDependency;
			package = 811955462839AC8F0062FE25 /* XCRemoteSwiftPackageReference "RxSwift" */;
			productName = RxSwift;
		};
		811955592839BB310062FE25 /* SwinjectStoryboard */ = {
			isa = XCSwiftPackageProductDependency;
			package = 811955582839BB310062FE25 /* XCRemoteSwiftPackageReference "SwinjectStoryboard" */;
			productName = SwinjectStoryboard;
		};
		DCF7BB3426B23E3600AE0E0E /* Swinject */ = {
			isa = XCSwiftPackageProductDependency;
			package = DCF7BB3326B23E3600AE0E0E /* XCRemoteSwiftPackageReference "Swinject" */;
			productName = Swinject;
		};
/* End XCSwiftPackageProductDependency section */
	};
	rootObject = DCF7BAF826B23DFE00AE0E0E /* Project object */;
}
